<?xml version="1.0" encoding="UTF-8" standalone="yes" ?>
<CodeBlocks_project_file>
	<FileVersion major="1" minor="6" />
	<Project>
		<Option title="Scaler" />
		<Option pch_mode="2" />
		<Option compiler="gcc" />
		<Build>
			<Target title="Debug">
				<Option output="./Debug/Scaler" prefix_auto="1" extension_auto="1" />
				<Option object_output="./Debug/" />
				<Option type="1" />
				<Option compiler="gcc" />
				<Compiler>
					<Add option="-g" />
				</Compiler>
			</Target>
			<Target title="Release">
				<Option output="./Release/Scaler" prefix_auto="1" extension_auto="1" />
				<Option object_output="./Release/" />
				<Option type="1" />
				<Option compiler="gcc" />
				<Compiler>
					<Add option="-O2" />
				</Compiler>
				<Linker>
					<Add option="-s" />
				</Linker>
			</Target>
		</Build>
		<Compiler>
			<Add option="-Wall" />
			<Add option="-fexceptions" />
			<Add directory="libjpeg" />
		</Compiler>
		<Unit filename="TImageScaler.cpp" />
		<Unit filename="TImageScaler.h" />
		<Unit filename="libjpeg/jaricom.c">
			<Option compilerVar="CC" />
		</Unit>
		<Unit filename="libjpeg/jcapimin.c">
			<Option compilerVar="CC" />
		</Unit>
		<Unit filename="libjpeg/jcapistd.c">
			<Option compilerVar="CC" />
		</Unit>
		<Unit filename="libjpeg/jcarith.c">
			<Option compilerVar="CC" />
		</Unit>
		<Unit filename="libjpeg/jccoefct.c">
			<Option compilerVar="CC" />
		</Unit>
		<Unit filename="libjpeg/jccolor.c">
			<Option compilerVar="CC" />
		</Unit>
		<Unit filename="libjpeg/jcdctmgr.c">
			<Option compilerVar="CC" />
		</Unit>
		<Unit filename="libjpeg/jchuff.c">
			<Option compilerVar="CC" />
		</Unit>
		<Unit filename="libjpeg/jcinit.c">
			<Option compilerVar="CC" />
		</Unit>
		<Unit filename="libjpeg/jcmainct.c">
			<Option compilerVar="CC" />
		</Unit>
		<Unit filename="libjpeg/jcmarker.c">
			<Option compilerVar="CC" />
		</Unit>
		<Unit filename="libjpeg/jcmaster.c">
			<Option compilerVar="CC" />
		</Unit>
		<Unit filename="libjpeg/jcomapi.c">
			<Option compilerVar="CC" />
		</Unit>
		<Unit filename="libjpeg/jcparam.c">
			<Option compilerVar="CC" />
		</Unit>
		<Unit filename="libjpeg/jcprepct.c">
			<Option compilerVar="CC" />
		</Unit>
		<Unit filename="libjpeg/jcsample.c">
			<Option compilerVar="CC" />
		</Unit>
		<Unit filename="libjpeg/jctrans.c">
			<Option compilerVar="CC" />
		</Unit>
		<Unit filename="libjpeg/jdapimin.c">
			<Option compilerVar="CC" />
		</Unit>
		<Unit filename="libjpeg/jdapistd.c">
			<Option compilerVar="CC" />
		</Unit>
		<Unit filename="libjpeg/jdarith.c">
			<Option compilerVar="CC" />
		</Unit>
		<Unit filename="libjpeg/jdatadst.c">
			<Option compilerVar="CC" />
		</Unit>
		<Unit filename="libjpeg/jdatasrc.c">
			<Option compilerVar="CC" />
		</Unit>
		<Unit filename="libjpeg/jdcoefct.c">
			<Option compilerVar="CC" />
		</Unit>
		<Unit filename="libjpeg/jdcolor.c">
			<Option compilerVar="CC" />
		</Unit>
		<Unit filename="libjpeg/jddctmgr.c">
			<Option compilerVar="CC" />
		</Unit>
		<Unit filename="libjpeg/jdhuff.c">
			<Option compilerVar="CC" />
		</Unit>
		<Unit filename="libjpeg/jdinput.c">
			<Option compilerVar="CC" />
		</Unit>
		<Unit filename="libjpeg/jdmainct.c">
			<Option compilerVar="CC" />
		</Unit>
		<Unit filename="libjpeg/jdmarker.c">
			<Option compilerVar="CC" />
		</Unit>
		<Unit filename="libjpeg/jdmaster.c">
			<Option compilerVar="CC" />
		</Unit>
		<Unit filename="libjpeg/jdmerge.c">
			<Option compilerVar="CC" />
		</Unit>
		<Unit filename="libjpeg/jdpostct.c">
			<Option compilerVar="CC" />
		</Unit>
		<Unit filename="libjpeg/jdsample.c">
			<Option compilerVar="CC" />
		</Unit>
		<Unit filename="libjpeg/jdtrans.c">
			<Option compilerVar="CC" />
		</Unit>
		<Unit filename="libjpeg/jerror.c">
			<Option compilerVar="CC" />
		</Unit>
		<Unit filename="libjpeg/jfdctflt.c">
			<Option compilerVar="CC" />
		</Unit>
		<Unit filename="libjpeg/jfdctfst.c">
			<Option compilerVar="CC" />
		</Unit>
		<Unit filename="libjpeg/jfdctint.c">
			<Option compilerVar="CC" />
		</Unit>
		<Unit filename="libjpeg/jidctflt.c">
			<Option compilerVar="CC" />
		</Unit>
		<Unit filename="libjpeg/jidctfst.c">
			<Option compilerVar="CC" />
		</Unit>
		<Unit filename="libjpeg/jidctint.c">
			<Option compilerVar="CC" />
		</Unit>
		<Unit filename="libjpeg/jmemmgr.c">
			<Option compilerVar="CC" />
		</Unit>
		<Unit filename="libjpeg/jmemnobs.c">
			<Option compilerVar="CC" />
		</Unit>
		<Unit filename="libjpeg/jquant1.c">
			<Option compilerVar="CC" />
		</Unit>
		<Unit filename="libjpeg/jquant2.c">
			<Option compilerVar="CC" />
		</Unit>
		<Unit filename="libjpeg/jutils.c">
			<Option compilerVar="CC" />
		</Unit>
		<Unit filename="main.cpp" />
		<Extensions>
			<code_completion />
			<envvars />
			<debugger />
			<lib_finder disable_auto="1" />
		</Extensions>
	</Project>
</CodeBlocks_project_file>
